
Microsoft Visual Studio Solution File, Format Version 12.00
# Visual Studio Version 17
VisualStudioVersion = 17.4.33403.182
MinimumVisualStudioVersion = 10.0.40219.1
Project("{8BC9CEB8-8B4A-11D0-8D11-00A0C91BC942}") = "Learning OpenGL", "Learning OpenGL\Learning OpenGL.vcxproj", "{2E1AE5E9-4D70-417E-898A-61C1264116BB}"
EndProject
Global
	GlobalSection(SolutionConfigurationPlatforms) = preSolution
		Debug|x64 = Debug|x64
		Debug|x86 = Debug|x86
		Release|x64 = Release|x64
		Release|x86 = Release|x86
	EndGlobalSection
	GlobalSection(ProjectConfigurationPlatforms) = postSolution
		{2E1AE5E9-4D70-417E-898A-61C1264116BB}.Debug|x64.ActiveCfg = Debug|x64
		{2E1AE5E9-4D70-417E-898A-61C1264116BB}.Debug|x64.Build.0 = Debug|x64
		{2E1AE5E9-4D70-417E-898A-61C1264116BB}.Debug|x86.ActiveCfg = Debug|Win32
		{2E1AE5E9-4D70-417E-898A-61C1264116BB}.Debug|x86.Build.0 = Debug|Win32
		{2E1AE5E9-4D70-417E-898A-61C1264116BB}.Release|x64.ActiveCfg = Release|x64
		{2E1AE5E9-4D70-417E-898A-61C1264116BB}.Release|x64.Build.0 = Release|x64
		{2E1AE5E9-4D70-417E-898A-61C1264116BB}.Release|x86.ActiveCfg = Release|Win32
		{2E1AE5E9-4D70-417E-898A-61C1264116BB}.Release|x86.Build.0 = Release|Win32
	EndGlobalSection
	GlobalSection(SolutionProperties) = preSolution
		HideSolutionNode = FALSE
	EndGlobalSection
	GlobalSection(ExtensibilityGlobals) = postSolution
		SolutionGuid = {2A71FCA6-63F5-454D-894D-E26027D48D91}
	EndGlobalSection
EndGlobal
